// !$*UTF8*$!
{
	archiveVersion = 1;
	classes = {
	};
	objectVersion = 55;
	objects = {

/* Begin PBXBuildFile section */
		4A3A6393285FA2B900CD5835 /* Joke.swift in Sources */ = {isa = PBXBuildFile; fileRef = 4A3A6392285FA2B900CD5835 /* Joke.swift */; };
		4AA249C0285F8E900008375C /* AppDelegate.swift in Sources */ = {isa = PBXBuildFile; fileRef = 4AA249BF285F8E900008375C /* AppDelegate.swift */; };
		4AA249C2285F8E900008375C /* SceneDelegate.swift in Sources */ = {isa = PBXBuildFile; fileRef = 4AA249C1285F8E900008375C /* SceneDelegate.swift */; };
		4AA249C4285F8E900008375C /* ViewController.swift in Sources */ = {isa = PBXBuildFile; fileRef = 4AA249C3285F8E900008375C /* ViewController.swift */; };
		4AA249C7285F8E900008375C /* Main.storyboard in Resources */ = {isa = PBXBuildFile; fileRef = 4AA249C5285F8E900008375C /* Main.storyboard */; };
		4AA249C9285F8E910008375C /* Assets.xcassets in Resources */ = {isa = PBXBuildFile; fileRef = 4AA249C8285F8E910008375C /* Assets.xcassets */; };
		4AA249CC285F8E910008375C /* LaunchScreen.storyboard in Resources */ = {isa = PBXBuildFile; fileRef = 4AA249CA285F8E910008375C /* LaunchScreen.storyboard */; };
		4AA249D7285F8E910008375C /* ChuckNorriseJokeTests.swift in Sources */ = {isa = PBXBuildFile; fileRef = 4AA249D6285F8E910008375C /* ChuckNorriseJokeTests.swift */; };
		4AA249E1285F8E910008375C /* ChuckNorriseJokeUITests.swift in Sources */ = {isa = PBXBuildFile; fileRef = 4AA249E0285F8E910008375C /* ChuckNorriseJokeUITests.swift */; };
		4AA249E3285F8E910008375C /* ChuckNorriseJokeUITestsLaunchTests.swift in Sources */ = {isa = PBXBuildFile; fileRef = 4AA249E2285F8E910008375C /* ChuckNorriseJokeUITestsLaunchTests.swift */; };
/* End PBXBuildFile section */

/* Begin PBXContainerItemProxy section */
		4AA249D3285F8E910008375C /* PBXContainerItemProxy */ = {
			isa = PBXContainerItemProxy;
			containerPortal = 4AA249B4285F8E900008375C /* Project object */;
			proxyType = 1;
			remoteGlobalIDString = 4AA249BB285F8E900008375C;
			remoteInfo = ChuckNorriseJoke;
		};
		4AA249DD285F8E910008375C /* PBXContainerItemProxy */ = {
			isa = PBXContainerItemProxy;
			containerPortal = 4AA249B4285F8E900008375C /* Project object */;
			proxyType = 1;
			remoteGlobalIDString = 4AA249BB285F8E900008375C;
			remoteInfo = ChuckNorriseJoke;
		};
/* End PBXContainerItemProxy section */

/* Begin PBXFileReference section */
		4A3A6392285FA2B900CD5835 /* Joke.swift */ = {isa = PBXFileReference; lastKnownFileType = sourcecode.swift; path = Joke.swift; sourceTree = "<group>"; };
		4AA249BC285F8E900008375C /* ChuckNorriseJoke.app */ = {isa = PBXFileReference; explicitFileType = wrapper.application; includeInIndex = 0; path = ChuckNorriseJoke.app; sourceTree = BUILT_PRODUCTS_DIR; };
		4AA249BF285F8E900008375C /* AppDelegate.swift */ = {isa = PBXFileReference; lastKnownFileType = sourcecode.swift; path = AppDelegate.swift; sourceTree = "<group>"; };
		4AA249C1285F8E900008375C /* SceneDelegate.swift */ = {isa = PBXFileReference; lastKnownFileType = sourcecode.swift; path = SceneDelegate.swift; sourceTree = "<group>"; };
		4AA249C3285F8E900008375C /* ViewController.swift */ = {isa = PBXFileReference; lastKnownFileType = sourcecode.swift; path = ViewController.swift; sourceTree = "<group>"; };
		4AA249C6285F8E900008375C /* Base */ = {isa = PBXFileReference; lastKnownFileType = file.storyboard; name = Base; path = Base.lproj/Main.storyboard; sourceTree = "<group>"; };
		4AA249C8285F8E910008375C /* Assets.xcassets */ = {isa = PBXFileReference; lastKnownFileType = folder.assetcatalog; path = Assets.xcassets; sourceTree = "<group>"; };
		4AA249CB285F8E910008375C /* Base */ = {isa = PBXFileReference; lastKnownFileType = file.storyboard; name = Base; path = Base.lproj/LaunchScreen.storyboard; sourceTree = "<group>"; };
		4AA249CD285F8E910008375C /* Info.plist */ = {isa = PBXFileReference; lastKnownFileType = text.plist.xml; path = Info.plist; sourceTree = "<group>"; };
		4AA249D2285F8E910008375C /* ChuckNorriseJokeTests.xctest */ = {isa = PBXFileReference; explicitFileType = wrapper.cfbundle; includeInIndex = 0; path = ChuckNorriseJokeTests.xctest; sourceTree = BUILT_PRODUCTS_DIR; };
		4AA249D6285F8E910008375C /* ChuckNorriseJokeTests.swift */ = {isa = PBXFileReference; lastKnownFileType = sourcecode.swift; path = ChuckNorriseJokeTests.swift; sourceTree = "<group>"; };
		4AA249DC285F8E910008375C /* ChuckNorriseJokeUITests.xctest */ = {isa = PBXFileReference; explicitFileType = wrapper.cfbundle; includeInIndex = 0; path = ChuckNorriseJokeUITests.xctest; sourceTree = BUILT_PRODUCTS_DIR; };
		4AA249E0285F8E910008375C /* ChuckNorriseJokeUITests.swift */ = {isa = PBXFileReference; lastKnownFileType = sourcecode.swift; path = ChuckNorriseJokeUITests.swift; sourceTree = "<group>"; };
		4AA249E2285F8E910008375C /* ChuckNorriseJokeUITestsLaunchTests.swift */ = {isa = PBXFileReference; lastKnownFileType = sourcecode.swift; path = ChuckNorriseJokeUITestsLaunchTests.swift; sourceTree = "<group>"; };
/* End PBXFileReference section */

/* Begin PBXFrameworksBuildPhase section */
		4AA249B9285F8E900008375C /* Frameworks */ = {
			isa = PBXFrameworksBuildPhase;
			buildActionMask = 2147483647;
			files = (
			);
			runOnlyForDeploymentPostprocessing = 0;
		};
		4AA249CF285F8E910008375C /* Frameworks */ = {
			isa = PBXFrameworksBuildPhase;
			buildActionMask = 2147483647;
			files = (
			);
			runOnlyForDeploymentPostprocessing = 0;
		};
		4AA249D9285F8E910008375C /* Frameworks */ = {
			isa = PBXFrameworksBuildPhase;
			buildActionMask = 2147483647;
			files = (
			);
			runOnlyForDeploymentPostprocessing = 0;
		};
/* End PBXFrameworksBuildPhase section */

/* Begin PBXGroup section */
		4A20F3D62860893900FCD210 /* Controller */ = {
			isa = PBXGroup;
			children = (
			);
			path = Controller;
			sourceTree = "<group>";
		};
		4A3A6391285FA28D00CD5835 /* Model */ = {
			isa = PBXGroup;
			children = (
				4A3A6392285FA2B900CD5835 /* Joke.swift */,
			);
			path = Model;
			sourceTree = "<group>";
		};
		4A3A6397285FADF900CD5835 /* View */ = {
			isa = PBXGroup;
			children = (
				4AA249CA285F8E910008375C /* LaunchScreen.storyboard */,
				4AA249C5285F8E900008375C /* Main.storyboard */,
			);
			path = View;
			sourceTree = "<group>";
		};
		4AA249B3285F8E900008375C = {
			isa = PBXGroup;
			children = (
				4AA249BE285F8E900008375C /* ChuckNorriseJoke */,
				4AA249D5285F8E910008375C /* ChuckNorriseJokeTests */,
				4AA249DF285F8E910008375C /* ChuckNorriseJokeUITests */,
				4AA249BD285F8E900008375C /* Products */,
			);
			sourceTree = "<group>";
		};
		4AA249BD285F8E900008375C /* Products */ = {
			isa = PBXGroup;
			children = (
				4AA249BC285F8E900008375C /* ChuckNorriseJoke.app */,
				4AA249D2285F8E910008375C /* ChuckNorriseJokeTests.xctest */,
				4AA249DC285F8E910008375C /* ChuckNorriseJokeUITests.xctest */,
			);
			name = Products;
			sourceTree = "<group>";
		};
		4AA249BE285F8E900008375C /* ChuckNorriseJoke */ = {
			isa = PBXGroup;
			children = (
				4AA249C3285F8E900008375C /* ViewController.swift */,
				4A20F3D62860893900FCD210 /* Controller */,
				4A3A6397285FADF900CD5835 /* View */,
				4A3A6391285FA28D00CD5835 /* Model */,
				4AA249BF285F8E900008375C /* AppDelegate.swift */,
				4AA249C1285F8E900008375C /* SceneDelegate.swift */,
				4AA249C8285F8E910008375C /* Assets.xcassets */,
				4AA249CD285F8E910008375C /* Info.plist */,
			);
			path = ChuckNorriseJoke;
			sourceTree = "<group>";
		};
		4AA249D5285F8E910008375C /* ChuckNorriseJokeTests */ = {
			isa = PBXGroup;
			children = (
				4AA249D6285F8E910008375C /* ChuckNorriseJokeTests.swift */,
			);
			path = ChuckNorriseJokeTests;
			sourceTree = "<group>";
		};
		4AA249DF285F8E910008375C /* ChuckNorriseJokeUITests */ = {
			isa = PBXGroup;
			children = (
				4AA249E0285F8E910008375C /* ChuckNorriseJokeUITests.swift */,
				4AA249E2285F8E910008375C /* ChuckNorriseJokeUITestsLaunchTests.swift */,
			);
			path = ChuckNorriseJokeUITests;
			sourceTree = "<group>";
		};
/* End PBXGroup section */

/* Begin PBXNativeTarget section */
		4AA249BB285F8E900008375C /* ChuckNorriseJoke */ = {
			isa = PBXNativeTarget;
			buildConfigurationList = 4AA249E6285F8E910008375C /* Build configuration list for PBXNativeTarget "ChuckNorriseJoke" */;
			buildPhases = (
				4AA249B8285F8E900008375C /* Sources */,
				4AA249B9285F8E900008375C /* Frameworks */,
				4AA249BA285F8E900008375C /* Resources */,
			);
			buildRules = (
			);
			dependencies = (
			);
			name = ChuckNorriseJoke;
			productName = ChuckNorriseJoke;
			productReference = 4AA249BC285F8E900008375C /* ChuckNorriseJoke.app */;
			productType = "com.apple.product-type.application";
		};
		4AA249D1285F8E910008375C /* ChuckNorriseJokeTests */ = {
			isa = PBXNativeTarget;
			buildConfigurationList = 4AA249E9285F8E910008375C /* Build configuration list for PBXNativeTarget "ChuckNorriseJokeTests" */;
			buildPhases = (
				4AA249CE285F8E910008375C /* Sources */,
				4AA249CF285F8E910008375C /* Frameworks */,
				4AA249D0285F8E910008375C /* Resources */,
			);
			buildRules = (
			);
			dependencies = (
				4AA249D4285F8E910008375C /* PBXTargetDependency */,
			);
			name = ChuckNorriseJokeTests;
			productName = ChuckNorriseJokeTests;
			productReference = 4AA249D2285F8E910008375C /* ChuckNorriseJokeTests.xctest */;
			productType = "com.apple.product-type.bundle.unit-test";
		};
		4AA249DB285F8E910008375C /* ChuckNorriseJokeUITests */ = {
			isa = PBXNativeTarget;
			buildConfigurationList = 4AA249EC285F8E910008375C /* Build configuration list for PBXNativeTarget "ChuckNorriseJokeUITests" */;
			buildPhases = (
				4AA249D8285F8E910008375C /* Sources */,
				4AA249D9285F8E910008375C /* Frameworks */,
				4AA249DA285F8E910008375C /* Resources */,
			);
			buildRules = (
			);
			dependencies = (
				4AA249DE285F8E910008375C /* PBXTargetDependency */,
			);
			name = ChuckNorriseJokeUITests;
			productName = ChuckNorriseJokeUITests;
			productReference = 4AA249DC285F8E910008375C /* ChuckNorriseJokeUITests.xctest */;
			productType = "com.apple.product-type.bundle.ui-testing";
		};
/* End PBXNativeTarget section */

/* Begin PBXProject section */
		4AA249B4285F8E900008375C /* Project object */ = {
			isa = PBXProject;
			attributes = {
				BuildIndependentTargetsInParallel = 1;
				LastSwiftUpdateCheck = 1340;
				LastUpgradeCheck = 1340;
				TargetAttributes = {
					4AA249BB285F8E900008375C = {
						CreatedOnToolsVersion = 13.4.1;
					};
					4AA249D1285F8E910008375C = {
						CreatedOnToolsVersion = 13.4.1;
						TestTargetID = 4AA249BB285F8E900008375C;
					};
					4AA249DB285F8E910008375C = {
						CreatedOnToolsVersion = 13.4.1;
						TestTargetID = 4AA249BB285F8E900008375C;
					};
				};
			};
			buildConfigurationList = 4AA249B7285F8E900008375C /* Build configuration list for PBXProject "ChuckNorriseJoke" */;
			compatibilityVersion = "Xcode 13.0";
			developmentRegion = en;
			hasScannedForEncodings = 0;
			knownRegions = (
				en,
				Base,
			);
			mainGroup = 4AA249B3285F8E900008375C;
			productRefGroup = 4AA249BD285F8E900008375C /* Products */;
			projectDirPath = "";
			projectRoot = "";
			targets = (
				4AA249BB285F8E900008375C /* ChuckNorriseJoke */,
				4AA249D1285F8E910008375C /* ChuckNorriseJokeTests */,
				4AA249DB285F8E910008375C /* ChuckNorriseJokeUITests */,
			);
		};
/* End PBXProject section */

/* Begin PBXResourcesBuildPhase section */
		4AA249BA285F8E900008375C /* Resources */ = {
			isa = PBXResourcesBuildPhase;
			buildActionMask = 2147483647;
			files = (
				4AA249CC285F8E910008375C /* LaunchScreen.storyboard in Resources */,
				4AA249C9285F8E910008375C /* Assets.xcassets in Resources */,
				4AA249C7285F8E900008375C /* Main.storyboard in Resources */,
			);
			runOnlyForDeploymentPostprocessing = 0;
		};
		4AA249D0285F8E910008375C /* Resources */ = {
			isa = PBXResourcesBuildPhase;
			buildActionMask = 2147483647;
			files = (
			);
			runOnlyForDeploymentPostprocessing = 0;
		};
		4AA249DA285F8E910008375C /* Resources */ = {
			isa = PBXResourcesBuildPhase;
			buildActionMask = 2147483647;
			files = (
			);
			runOnlyForDeploymentPostprocessing = 0;
		};
/* End PBXResourcesBuildPhase section */

/* Begin PBXSourcesBuildPhase section */
		4AA249B8285F8E900008375C /* Sources */ = {
			isa = PBXSourcesBuildPhase;
			buildActionMask = 2147483647;
			files = (
				4AA249C4285F8E900008375C /* ViewController.swift in Sources */,
				4AA249C0285F8E900008375C /* AppDelegate.swift in Sources */,
				4A3A6393285FA2B900CD5835 /* Joke.swift in Sources */,
				4AA249C2285F8E900008375C /* SceneDelegate.swift in Sources */,
			);
			runOnlyForDeploymentPostprocessing = 0;
		};
		4AA249CE285F8E910008375C /* Sources */ = {
			isa = PBXSourcesBuildPhase;
			buildActionMask = 2147483647;
			files = (
				4AA249D7285F8E910008375C /* ChuckNorriseJokeTests.swift in Sources */,
			);
			runOnlyForDeploymentPostprocessing = 0;
		};
		4AA249D8285F8E910008375C /* Sources */ = {
			isa = PBXSourcesBuildPhase;
			buildActionMask = 2147483647;
			files = (
				4AA249E1285F8E910008375C /* ChuckNorriseJokeUITests.swift in Sources */,
				4AA249E3285F8E910008375C /* ChuckNorriseJokeUITestsLaunchTests.swift in Sources */,
			);
			runOnlyForDeploymentPostprocessing = 0;
		};
/* End PBXSourcesBuildPhase section */

/* Begin PBXTargetDependency section */
		4AA249D4285F8E910008375C /* PBXTargetDependency */ = {
			isa = PBXTargetDependency;
			target = 4AA249BB285F8E900008375C /* ChuckNorriseJoke */;
			targetProxy = 4AA249D3285F8E910008375C /* PBXContainerItemProxy */;
		};
		4AA249DE285F8E910008375C /* PBXTargetDependency */ = {
			isa = PBXTargetDependency;
			target = 4AA249BB285F8E900008375C /* ChuckNorriseJoke */;
			targetProxy = 4AA249DD285F8E910008375C /* PBXContainerItemProxy */;
		};
/* End PBXTargetDependency section */

/* Begin PBXVariantGroup section */
		4AA249C5285F8E900008375C /* Main.storyboard */ = {
			isa = PBXVariantGroup;
			children = (
				4AA249C6285F8E900008375C /* Base */,
			);
			name = Main.storyboard;
			sourceTree = "<group>";
		};
		4AA249CA285F8E910008375C /* LaunchScreen.storyboard */ = {
			isa = PBXVariantGroup;
			children = (
				4AA249CB285F8E910008375C /* Base */,
			);
			name = LaunchScreen.storyboard;
			sourceTree = "<group>";
		};
/* End PBXVariantGroup section */

/* Begin XCBuildConfiguration section */
		4AA249E4285F8E910008375C /* Debug */ = {
			isa = XCBuildConfiguration;
			buildSettings = {
				ALWAYS_SEARCH_USER_PATHS = NO;
				CLANG_ANALYZER_NONNULL = YES;
				CLANG_ANALYZER_NUMBER_OBJECT_CONVERSION = YES_AGGRESSIVE;
				CLANG_CXX_LANGUAGE_STANDARD = "gnu++17";
				CLANG_ENABLE_MODULES = YES;
				CLANG_ENABLE_OBJC_ARC = YES;
				CLANG_ENABLE_OBJC_WEAK = YES;
				CLANG_WARN_BLOCK_CAPTURE_AUTORELEASING = YES;
				CLANG_WARN_BOOL_CONVERSION = YES;
				CLANG_WARN_COMMA = YES;
				CLANG_WARN_CONSTANT_CONVERSION = YES;
				CLANG_WARN_DEPRECATED_OBJC_IMPLEMENTATIONS = YES;
				CLANG_WARN_DIRECT_OBJC_ISA_USAGE = YES_ERROR;
				CLANG_WARN_DOCUMENTATION_COMMENTS = YES;
				CLANG_WARN_EMPTY_BODY = YES;
				CLANG_WARN_ENUM_CONVERSION = YES;
				CLANG_WARN_INFINITE_RECURSION = YES;
				CLANG_WARN_INT_CONVERSION = YES;
				CLANG_WARN_NON_LITERAL_NULL_CONVERSION = YES;
				CLANG_WARN_OBJC_IMPLICIT_RETAIN_SELF = YES;
				CLANG_WARN_OBJC_LITERAL_CONVERSION = YES;
				CLANG_WARN_OBJC_ROOT_CLASS = YES_ERROR;
				CLANG_WARN_QUOTED_INCLUDE_IN_FRAMEWORK_HEADER = YES;
				CLANG_WARN_RANGE_LOOP_ANALYSIS = YES;
				CLANG_WARN_STRICT_PROTOTYPES = YES;
				CLANG_WARN_SUSPICIOUS_MOVE = YES;
				CLANG_WARN_UNGUARDED_AVAILABILITY = YES_AGGRESSIVE;
				CLANG_WARN_UNREACHABLE_CODE = YES;
				CLANG_WARN__DUPLICATE_METHOD_MATCH = YES;
				COPY_PHASE_STRIP = NO;
				DEBUG_INFORMATION_FORMAT = dwarf;
				ENABLE_STRICT_OBJC_MSGSEND = YES;
				ENABLE_TESTABILITY = YES;
				GCC_C_LANGUAGE_STANDARD = gnu11;
				GCC_DYNAMIC_NO_PIC = NO;
				GCC_NO_COMMON_BLOCKS = YES;
				GCC_OPTIMIZATION_LEVEL = 0;
				GCC_PREPROCESSOR_DEFINITIONS = (
					"DEBUG=1",
					"$(inherited)",
				);
				GCC_WARN_64_TO_32_BIT_CONVERSION = YES;
				GCC_WARN_ABOUT_RETURN_TYPE = YES_ERROR;
				GCC_WARN_UNDECLARED_SELECTOR = YES;
				GCC_WARN_UNINITIALIZED_AUTOS = YES_AGGRESSIVE;
				GCC_WARN_UNUSED_FUNCTION = YES;
				GCC_WARN_UNUSED_VARIABLE = YES;
				IPHONEOS_DEPLOYMENT_TARGET = 15.5;
				MTL_ENABLE_DEBUG_INFO = INCLUDE_SOURCE;
				MTL_FAST_MATH = YES;
				ONLY_ACTIVE_ARCH = YES;
				SDKROOT = iphoneos;
				SWIFT_ACTIVE_COMPILATION_CONDITIONS = DEBUG;
				SWIFT_OPTIMIZATION_LEVEL = "-Onone";
			};
			name = Debug;
		};
		4AA249E5285F8E910008375C /* Release */ = {
			isa = XCBuildConfiguration;
			buildSettings = {
				ALWAYS_SEARCH_USER_PATHS = NO;
				CLANG_ANALYZER_NONNULL = YES;
				CLANG_ANALYZER_NUMBER_OBJECT_CONVERSION = YES_AGGRESSIVE;
				CLANG_CXX_LANGUAGE_STANDARD = "gnu++17";
				CLANG_ENABLE_MODULES = YES;
				CLANG_ENABLE_OBJC_ARC = YES;
				CLANG_ENABLE_OBJC_WEAK = YES;
				CLANG_WARN_BLOCK_CAPTURE_AUTORELEASING = YES;
				CLANG_WARN_BOOL_CONVERSION = YES;
				CLANG_WARN_COMMA = YES;
				CLANG_WARN_CONSTANT_CONVERSION = YES;
				CLANG_WARN_DEPRECATED_OBJC_IMPLEMENTATIONS = YES;
				CLANG_WARN_DIRECT_OBJC_ISA_USAGE = YES_ERROR;
				CLANG_WARN_DOCUMENTATION_COMMENTS = YES;
				CLANG_WARN_EMPTY_BODY = YES;
				CLANG_WARN_ENUM_CONVERSION = YES;
				CLANG_WARN_INFINITE_RECURSION = YES;
				CLANG_WARN_INT_CONVERSION = YES;
				CLANG_WARN_NON_LITERAL_NULL_CONVERSION = YES;
				CLANG_WARN_OBJC_IMPLICIT_RETAIN_SELF = YES;
				CLANG_WARN_OBJC_LITERAL_CONVERSION = YES;
				CLANG_WARN_OBJC_ROOT_CLASS = YES_ERROR;
				CLANG_WARN_QUOTED_INCLUDE_IN_FRAMEWORK_HEADER = YES;
				CLANG_WARN_RANGE_LOOP_ANALYSIS = YES;
				CLANG_WARN_STRICT_PROTOTYPES = YES;
				CLANG_WARN_SUSPICIOUS_MOVE = YES;
				CLANG_WARN_UNGUARDED_AVAILABILITY = YES_AGGRESSIVE;
				CLANG_WARN_UNREACHABLE_CODE = YES;
				CLANG_WARN__DUPLICATE_METHOD_MATCH = YES;
				COPY_PHASE_STRIP = NO;
				DEBUG_INFORMATION_FORMAT = "dwarf-with-dsym";
				ENABLE_NS_ASSERTIONS = NO;
				ENABLE_STRICT_OBJC_MSGSEND = YES;
				GCC_C_LANGUAGE_STANDARD = gnu11;
				GCC_NO_COMMON_BLOCKS = YES;
				GCC_WARN_64_TO_32_BIT_CONVERSION = YES;
				GCC_WARN_ABOUT_RETURN_TYPE = YES_ERROR;
				GCC_WARN_UNDECLARED_SELECTOR = YES;
				GCC_WARN_UNINITIALIZED_AUTOS = YES_AGGRESSIVE;
				GCC_WARN_UNUSED_FUNCTION = YES;
				GCC_WARN_UNUSED_VARIABLE = YES;
				IPHONEOS_DEPLOYMENT_TARGET = 15.5;
				MTL_ENABLE_DEBUG_INFO = NO;
				MTL_FAST_MATH = YES;
				SDKROOT = iphoneos;
				SWIFT_COMPILATION_MODE = wholemodule;
				SWIFT_OPTIMIZATION_LEVEL = "-O";
				VALIDATE_PRODUCT = YES;
			};
			name = Release;
		};
		4AA249E7285F8E910008375C /* Debug */ = {
			isa = XCBuildConfiguration;
			buildSettings = {
				ASSETCATALOG_COMPILER_APPICON_NAME = AppIcon;
				ASSETCATALOG_COMPILER_GLOBAL_ACCENT_COLOR_NAME = AccentColor;
				CODE_SIGN_STYLE = Automatic;
				CURRENT_PROJECT_VERSION = 1;
				GENERATE_INFOPLIST_FILE = YES;
				INFOPLIST_FILE = ChuckNorriseJoke/Info.plist;
				INFOPLIST_KEY_UIApplicationSupportsIndirectInputEvents = YES;
				INFOPLIST_KEY_UILaunchStoryboardName = LaunchScreen;
				INFOPLIST_KEY_UIMainStoryboardFile = Main;
				INFOPLIST_KEY_UISupportedInterfaceOrientations_iPad = "UIInterfaceOrientationPortrait UIInterfaceOrientationPortraitUpsideDown UIInterfaceOrientationLandscapeLeft UIInterfaceOrientationLandscapeRight";
				INFOPLIST_KEY_UISupportedInterfaceOrientations_iPhone = "UIInterfaceOrientationPortrait UIInterfaceOrientationLandscapeLeft UIInterfaceOrientationLandscapeRight";
				LD_RUNPATH_SEARCH_PATHS = (
					"$(inherited)",
					"@executable_path/Frameworks",
				);
				MARKETING_VERSION = 1.0;
				PRODUCT_BUNDLE_IDENTIFIER = ms.ChuckNorriseJoke;
				PRODUCT_NAME = "$(TARGET_NAME)";
				SWIFT_EMIT_LOC_STRINGS = YES;
				SWIFT_VERSION = 5.0;
				TARGETED_DEVICE_FAMILY = "1,2";
			};
			name = Debug;
		};
		4AA249E8285F8E910008375C /* Release */ = {
			isa = XCBuildConfiguration;
			buildSettings = {
				ASSETCATALOG_COMPILER_APPICON_NAME = AppIcon;
				ASSETCATALOG_COMPILER_GLOBAL_ACCENT_COLOR_NAME = AccentColor;
				CODE_SIGN_STYLE = Automatic;
				CURRENT_PROJECT_VERSION = 1;
				GENERATE_INFOPLIST_FILE = YES;
				INFOPLIST_FILE = ChuckNorriseJoke/Info.plist;
				INFOPLIST_KEY_UIApplicationSupportsIndirectInputEvents = YES;
				INFOPLIST_KEY_UILaunchStoryboardName = LaunchScreen;
				INFOPLIST_KEY_UIMainStoryboardFile = Main;
				INFOPLIST_KEY_UISupportedInterfaceOrientations_iPad = "UIInterfaceOrientationPortrait UIInterfaceOrientationPortraitUpsideDown UIInterfaceOrientationLandscapeLeft UIInterfaceOrientationLandscapeRight";
				INFOPLIST_KEY_UISupportedInterfaceOrientations_iPhone = "UIInterfaceOrientationPortrait UIInterfaceOrientationLandscapeLeft UIInterfaceOrientationLandscapeRight";
				LD_RUNPATH_SEARCH_PATHS = (
					"$(inherited)",
					"@executable_path/Frameworks",
				);
				MARKETING_VERSION = 1.0;
				PRODUCT_BUNDLE_IDENTIFIER = ms.ChuckNorriseJoke;
				PRODUCT_NAME = "$(TARGET_NAME)";
				SWIFT_EMIT_LOC_STRINGS = YES;
				SWIFT_VERSION = 5.0;
				TARGETED_DEVICE_FAMILY = "1,2";
			};
			name = Release;
		};
		4AA249EA285F8E910008375C /* Debug */ = {
			isa = XCBuildConfiguration;
			buildSettings = {
				ALWAYS_EMBED_SWIFT_STANDARD_LIBRARIES = YES;
				BUNDLE_LOADER = "$(TEST_HOST)";
				CODE_SIGN_STYLE = Automatic;
				CURRENT_PROJECT_VERSION = 1;
				GENERATE_INFOPLIST_FILE = YES;
				IPHONEOS_DEPLOYMENT_TARGET = 15.5;
				MARKETING_VERSION = 1.0;
				PRODUCT_BUNDLE_IDENTIFIER = ms.ChuckNorriseJokeTests;
				PRODUCT_NAME = "$(TARGET_NAME)";
				SWIFT_EMIT_LOC_STRINGS = NO;
				SWIFT_VERSION = 5.0;
				TARGETED_DEVICE_FAMILY = "1,2";
				TEST_HOST = "$(BUILT_PRODUCTS_DIR)/ChuckNorriseJoke.app/ChuckNorriseJoke";
			};
			name = Debug;
		};
		4AA249EB285F8E910008375C /* Release */ = {
			isa = XCBuildConfiguration;
			buildSettings = {
				ALWAYS_EMBED_SWIFT_STANDARD_LIBRARIES = YES;
				BUNDLE_LOADER = "$(TEST_HOST)";
				CODE_SIGN_STYLE = Automatic;
				CURRENT_PROJECT_VERSION = 1;
				GENERATE_INFOPLIST_FILE = YES;
				IPHONEOS_DEPLOYMENT_TARGET = 15.5;
				MARKETING_VERSION = 1.0;
				PRODUCT_BUNDLE_IDENTIFIER = ms.ChuckNorriseJokeTests;
				PRODUCT_NAME = "$(TARGET_NAME)";
				SWIFT_EMIT_LOC_STRINGS = NO;
				SWIFT_VERSION = 5.0;
				TARGETED_DEVICE_FAMILY = "1,2";
				TEST_HOST = "$(BUILT_PRODUCTS_DIR)/ChuckNorriseJoke.app/ChuckNorriseJoke";
			};
			name = Release;
		};
		4AA249ED285F8E910008375C /* Debug */ = {
			isa = XCBuildConfiguration;
			buildSettings = {
				ALWAYS_EMBED_SWIFT_STANDARD_LIBRARIES = YES;
				CODE_SIGN_STYLE = Automatic;
				CURRENT_PROJECT_VERSION = 1;
				GENERATE_INFOPLIST_FILE = YES;
				MARKETING_VERSION = 1.0;
				PRODUCT_BUNDLE_IDENTIFIER = ms.ChuckNorriseJokeUITests;
				PRODUCT_NAME = "$(TARGET_NAME)";
				SWIFT_EMIT_LOC_STRINGS = NO;
				SWIFT_VERSION = 5.0;
				TARGETED_DEVICE_FAMILY = "1,2";
				TEST_TARGET_NAME = ChuckNorriseJoke;
			};
			name = Debug;
		};
		4AA249EE285F8E910008375C /* Release */ = {
			isa = XCBuildConfiguration;
			buildSettings = {
				ALWAYS_EMBED_SWIFT_STANDARD_LIBRARIES = YES;
				CODE_SIGN_STYLE = Automatic;
				CURRENT_PROJECT_VERSION = 1;
				GENERATE_INFOPLIST_FILE = YES;
				MARKETING_VERSION = 1.0;
				PRODUCT_BUNDLE_IDENTIFIER = ms.ChuckNorriseJokeUITests;
				PRODUCT_NAME = "$(TARGET_NAME)";
				SWIFT_EMIT_LOC_STRINGS = NO;
				SWIFT_VERSION = 5.0;
				TARGETED_DEVICE_FAMILY = "1,2";
				TEST_TARGET_NAME = ChuckNorriseJoke;
			};
			name = Release;
		};
/* End XCBuildConfiguration section */

/* Begin XCConfigurationList section */
		4AA249B7285F8E900008375C /* Build configuration list for PBXProject "ChuckNorriseJoke" */ = {
			isa = XCConfigurationList;
			buildConfigurations = (
				4AA249E4285F8E910008375C /* Debug */,
				4AA249E5285F8E910008375C /* Release */,
			);
			defaultConfigurationIsVisible = 0;
			defaultConfigurationName = Release;
		};
		4AA249E6285F8E910008375C /* Build configuration list for PBXNativeTarget "ChuckNorriseJoke" */ = {
			isa = XCConfigurationList;
			buildConfigurations = (
				4AA249E7285F8E910008375C /* Debug */,
				4AA249E8285F8E910008375C /* Release */,
			);
			defaultConfigurationIsVisible = 0;
			defaultConfigurationName = Release;
		};
		4AA249E9285F8E910008375C /* Build configuration list for PBXNativeTarget "ChuckNorriseJokeTests" */ = {
			isa = XCConfigurationList;
			buildConfigurations = (
				4AA249EA285F8E910008375C /* Debug */,
				4AA249EB285F8E910008375C /* Release */,
			);
			defaultConfigurationIsVisible = 0;
			defaultConfigurationName = Release;
		};
		4AA249EC285F8E910008375C /* Build configuration list for PBXNativeTarget "ChuckNorriseJokeUITests" */ = {
			isa = XCConfigurationList;
			buildConfigurations = (
				4AA249ED285F8E910008375C /* Debug */,
				4AA249EE285F8E910008375C /* Release */,
			);
			defaultConfigurationIsVisible = 0;
			defaultConfigurationName = Release;
		};
/* End XCConfigurationList section */
	};
	rootObject = 4AA249B4285F8E900008375C /* Project object */;
}
